# THIS IS AN AUTOGENERATED FILE. DO NOT EDIT THIS FILE DIRECTLY.
# yarn lockfile v1


cctx@^1.0.1:
  version "1.0.1"
  resolved "https://registry.yarnpkg.com/cctx/-/cctx-1.0.1.tgz#05676cdcf8a05c815ac01b34062abdd44c376159"
  integrity sha512-AcWAyflX8kGUaYMyvCLzRpcOe4MyMYioPzqoQ8AIrNFSQS2ddKLW46fIKc4wiTPai6b/Pebx2acBc1vPjGWGpA==

dotenv@^10.0.0:
  version "10.0.0"
  resolved "https://registry.yarnpkg.com/dotenv/-/dotenv-10.0.0.tgz#3d4227b8fb95f81096cdd2b66653fb2c7085ba81"
  integrity sha512-rlBi9d8jpv9Sf1klPjNfFAuWDjKLwTIJJ/VxtoTwIR6hnZxcEOQCZg2oIL3MWBYw5GpUDKOEnND7LXTbIpQ03Q==
